
Microsoft Visual Studio Solution File, Format Version 12.00
# Visual Studio Version 16
VisualStudioVersion = 16.0.31129.286
MinimumVisualStudioVersion = 10.0.40219.1
Project("{FAE04EC0-301F-11D3-BF4B-00C04F79EFBC}") = "Trabalho_Daniel_5_Termo", "Trabalho_Daniel_5_Termo.csproj", "{DAF2D1AC-0F25-4897-A12E-E7C78616437B}"
EndProject
Global
	GlobalSection(SolutionConfigurationPlatforms) = preSolution
		Debug|Any CPU = Debug|Any CPU
		Release|Any CPU = Release|Any CPU
	EndGlobalSection
	GlobalSection(ProjectConfigurationPlatforms) = postSolution
		{DAF2D1AC-0F25-4897-A12E-E7C78616437B}.Debug|Any CPU.ActiveCfg = Debug|Any CPU
		{DAF2D1AC-0F25-4897-A12E-E7C78616437B}.Debug|Any CPU.Build.0 = Debug|Any CPU
		{DAF2D1AC-0F25-4897-A12E-E7C78616437B}.Release|Any CPU.ActiveCfg = Release|Any CPU
		{DAF2D1AC-0F25-4897-A12E-E7C78616437B}.Release|Any CPU.Build.0 = Release|Any CPU
	EndGlobalSection
	GlobalSection(SolutionProperties) = preSolution
		HideSolutionNode = FALSE
	EndGlobalSection
	GlobalSection(ExtensibilityGlobals) = postSolution
		SolutionGuid = {11AC0CA1-9D9E-400B-9CD5-0D7D123D704D}
	EndGlobalSection
EndGlobal
